// !$*UTF8*$!
{
	archiveVersion = 1;
	classes = {
	};
	objectVersion = 46;
	objects = {

/* Begin PBXBuildFile section */
		5002811914B0EF2400C01E7F /* Settings.bundle in Resources */ = {isa = PBXBuildFile; fileRef = 5002811814B0EF2400C01E7F /* Settings.bundle */; };
		5002811D14B1133700C01E7F /* UDPController.m in Sources */ = {isa = PBXBuildFile; fileRef = 5002811C14B1133700C01E7F /* UDPController.m */; };
		502B15A714AF070500F73D7D /* UIKit.framework in Frameworks */ = {isa = PBXBuildFile; fileRef = 502B15A614AF070500F73D7D /* UIKit.framework */; };
		502B15A914AF070500F73D7D /* Foundation.framework in Frameworks */ = {isa = PBXBuildFile; fileRef = 502B15A814AF070500F73D7D /* Foundation.framework */; };
		502B15AB14AF070500F73D7D /* CoreGraphics.framework in Frameworks */ = {isa = PBXBuildFile; fileRef = 502B15AA14AF070500F73D7D /* CoreGraphics.framework */; };
		502B15B114AF070500F73D7D /* InfoPlist.strings in Resources */ = {isa = PBXBuildFile; fileRef = 502B15AF14AF070500F73D7D /* InfoPlist.strings */; };
		502B15B314AF070500F73D7D /* main.m in Sources */ = {isa = PBXBuildFile; fileRef = 502B15B214AF070500F73D7D /* main.m */; };
		502B15B714AF070500F73D7D /* AppDelegate.m in Sources */ = {isa = PBXBuildFile; fileRef = 502B15B614AF070500F73D7D /* AppDelegate.m */; };
		502B15BA14AF070500F73D7D /* MainStoryboard_iPhone.storyboard in Resources */ = {isa = PBXBuildFile; fileRef = 502B15B814AF070500F73D7D /* MainStoryboard_iPhone.storyboard */; };
		502B15C014AF070500F73D7D /* EchoTestViewController.m in Sources */ = {isa = PBXBuildFile; fileRef = 502B15BF14AF070500F73D7D /* EchoTestViewController.m */; };
		502B15C814AF073000F73D7D /* GCDAsyncUdpSocket.m in Sources */ = {isa = PBXBuildFile; fileRef = 502B15C714AF073000F73D7D /* GCDAsyncUdpSocket.m */; };
		502B15CD14AF0EFF00F73D7D /* CFNetwork.framework in Frameworks */ = {isa = PBXBuildFile; fileRef = 502B15CC14AF0EFF00F73D7D /* CFNetwork.framework */; };
		5055899E14D5F5ED003F3A72 /* CoreMotion.framework in Frameworks */ = {isa = PBXBuildFile; fileRef = 5055899D14D5F5ED003F3A72 /* CoreMotion.framework */; };
		50865DDD14BE43E700E90B47 /* ArduinoUno_R3_Pinouts.png in Resources */ = {isa = PBXBuildFile; fileRef = 50865DDC14BE43E700E90B47 /* ArduinoUno_R3_Pinouts.png */; };
		50865DE414BE479400E90B47 /* RCoIPViewController.m in Sources */ = {isa = PBXBuildFile; fileRef = 50865DE314BE479400E90B47 /* RCoIPViewController.m */; };
		50865DE714BE4BAC00E90B47 /* RCTx.m in Sources */ = {isa = PBXBuildFile; fileRef = 50865DE614BE4BAC00E90B47 /* RCTx.m */; };
		50A69C2314B2373200B72A25 /* LEDTestViewController.m in Sources */ = {isa = PBXBuildFile; fileRef = 50A69C2114B2373200B72A25 /* LEDTestViewController.m */; };
		50C07E0814B2148300B738CB /* arduino1_small.png in Resources */ = {isa = PBXBuildFile; fileRef = 50C07E0714B2148300B738CB /* arduino1_small.png */; };
		50C07E0A14B2149100B738CB /* arduino1_Retina.png in Resources */ = {isa = PBXBuildFile; fileRef = 50C07E0914B2149100B738CB /* arduino1_Retina.png */; };
		50FB575A14C8C831006B6A6C /* arrowDown.png in Resources */ = {isa = PBXBuildFile; fileRef = 50FB575614C8C831006B6A6C /* arrowDown.png */; };
		50FB575C14C8C831006B6A6C /* arrowRight.png in Resources */ = {isa = PBXBuildFile; fileRef = 50FB575814C8C831006B6A6C /* arrowRight.png */; };
		50FB575D14C8C831006B6A6C /* arrowUp.png in Resources */ = {isa = PBXBuildFile; fileRef = 50FB575914C8C831006B6A6C /* arrowUp.png */; };
		50FB576014C8C8D0006B6A6C /* arrowLeft.png in Resources */ = {isa = PBXBuildFile; fileRef = 50FB575F14C8C8D0006B6A6C /* arrowLeft.png */; };
/* End PBXBuildFile section */

/* Begin PBXFileReference section */
		5002811814B0EF2400C01E7F /* Settings.bundle */ = {isa = PBXFileReference; lastKnownFileType = "wrapper.plug-in"; path = Settings.bundle; sourceTree = "<group>"; };
		5002811B14B1133700C01E7F /* UDPController.h */ = {isa = PBXFileReference; fileEncoding = 4; lastKnownFileType = sourcecode.c.h; path = UDPController.h; sourceTree = "<group>"; };
		5002811C14B1133700C01E7F /* UDPController.m */ = {isa = PBXFileReference; fileEncoding = 4; lastKnownFileType = sourcecode.c.objc; path = UDPController.m; sourceTree = "<group>"; };
		502B15A214AF070500F73D7D /* Arduino.app */ = {isa = PBXFileReference; explicitFileType = wrapper.application; includeInIndex = 0; path = Arduino.app; sourceTree = BUILT_PRODUCTS_DIR; };
		502B15A614AF070500F73D7D /* UIKit.framework */ = {isa = PBXFileReference; lastKnownFileType = wrapper.framework; name = UIKit.framework; path = System/Library/Frameworks/UIKit.framework; sourceTree = SDKROOT; };
		502B15A814AF070500F73D7D /* Foundation.framework */ = {isa = PBXFileReference; lastKnownFileType = wrapper.framework; name = Foundation.framework; path = System/Library/Frameworks/Foundation.framework; sourceTree = SDKROOT; };
		502B15AA14AF070500F73D7D /* CoreGraphics.framework */ = {isa = PBXFileReference; lastKnownFileType = wrapper.framework; name = CoreGraphics.framework; path = System/Library/Frameworks/CoreGraphics.framework; sourceTree = SDKROOT; };
		502B15AE14AF070500F73D7D /* UDPMessenger-Info.plist */ = {isa = PBXFileReference; lastKnownFileType = text.plist.xml; path = "UDPMessenger-Info.plist"; sourceTree = "<group>"; };
		502B15B014AF070500F73D7D /* en */ = {isa = PBXFileReference; lastKnownFileType = text.plist.strings; name = en; path = en.lproj/InfoPlist.strings; sourceTree = "<group>"; };
		502B15B214AF070500F73D7D /* main.m */ = {isa = PBXFileReference; lastKnownFileType = sourcecode.c.objc; path = main.m; sourceTree = "<group>"; };
		502B15B414AF070500F73D7D /* UDPMessenger-Prefix.pch */ = {isa = PBXFileReference; lastKnownFileType = sourcecode.c.h; path = "UDPMessenger-Prefix.pch"; sourceTree = "<group>"; };
		502B15B514AF070500F73D7D /* AppDelegate.h */ = {isa = PBXFileReference; lastKnownFileType = sourcecode.c.h; path = AppDelegate.h; sourceTree = "<group>"; };
		502B15B614AF070500F73D7D /* AppDelegate.m */ = {isa = PBXFileReference; lastKnownFileType = sourcecode.c.objc; path = AppDelegate.m; sourceTree = "<group>"; };
		502B15B914AF070500F73D7D /* en */ = {isa = PBXFileReference; lastKnownFileType = file.storyboard; name = en; path = en.lproj/MainStoryboard_iPhone.storyboard; sourceTree = "<group>"; };
		502B15BE14AF070500F73D7D /* EchoTestViewController.h */ = {isa = PBXFileReference; lastKnownFileType = sourcecode.c.h; path = EchoTestViewController.h; sourceTree = "<group>"; };
		502B15BF14AF070500F73D7D /* EchoTestViewController.m */ = {isa = PBXFileReference; lastKnownFileType = sourcecode.c.objc; path = EchoTestViewController.m; sourceTree = "<group>"; };
		502B15C614AF073000F73D7D /* GCDAsyncUdpSocket.h */ = {isa = PBXFileReference; fileEncoding = 4; lastKnownFileType = sourcecode.c.h; path = GCDAsyncUdpSocket.h; sourceTree = "<group>"; };
		502B15C714AF073000F73D7D /* GCDAsyncUdpSocket.m */ = {isa = PBXFileReference; fileEncoding = 4; lastKnownFileType = sourcecode.c.objc; path = GCDAsyncUdpSocket.m; sourceTree = "<group>"; };
		502B15CC14AF0EFF00F73D7D /* CFNetwork.framework */ = {isa = PBXFileReference; lastKnownFileType = wrapper.framework; name = CFNetwork.framework; path = System/Library/Frameworks/CFNetwork.framework; sourceTree = SDKROOT; };
		5055899D14D5F5ED003F3A72 /* CoreMotion.framework */ = {isa = PBXFileReference; lastKnownFileType = wrapper.framework; name = CoreMotion.framework; path = System/Library/Frameworks/CoreMotion.framework; sourceTree = SDKROOT; };
		50865DDC14BE43E700E90B47 /* ArduinoUno_R3_Pinouts.png */ = {isa = PBXFileReference; lastKnownFileType = image.png; path = ArduinoUno_R3_Pinouts.png; sourceTree = "<group>"; };
		50865DE214BE479400E90B47 /* RCoIPViewController.h */ = {isa = PBXFileReference; fileEncoding = 4; lastKnownFileType = sourcecode.c.h; path = RCoIPViewController.h; sourceTree = "<group>"; };
		50865DE314BE479400E90B47 /* RCoIPViewController.m */ = {isa = PBXFileReference; fileEncoding = 4; lastKnownFileType = sourcecode.c.objc; path = RCoIPViewController.m; sourceTree = "<group>"; };
		50865DE514BE4BAC00E90B47 /* RCTx.h */ = {isa = PBXFileReference; fileEncoding = 4; lastKnownFileType = sourcecode.c.h; path = RCTx.h; sourceTree = "<group>"; };
		50865DE614BE4BAC00E90B47 /* RCTx.m */ = {isa = PBXFileReference; fileEncoding = 4; lastKnownFileType = sourcecode.c.objc; path = RCTx.m; sourceTree = "<group>"; };
		50865DE814BF75C500E90B47 /* RCOIP.h */ = {isa = PBXFileReference; fileEncoding = 4; lastKnownFileType = sourcecode.c.h; path = RCOIP.h; sourceTree = "<group>"; };
		50A69C2014B2373200B72A25 /* LEDTestViewController.h */ = {isa = PBXFileReference; fileEncoding = 4; lastKnownFileType = sourcecode.c.h; path = LEDTestViewController.h; sourceTree = "<group>"; };
		50A69C2114B2373200B72A25 /* LEDTestViewController.m */ = {isa = PBXFileReference; fileEncoding = 4; lastKnownFileType = sourcecode.c.objc; path = LEDTestViewController.m; sourceTree = "<group>"; };
		50C07E0714B2148300B738CB /* arduino1_small.png */ = {isa = PBXFileReference; lastKnownFileType = image.png; path = arduino1_small.png; sourceTree = "<group>"; };
		50C07E0914B2149100B738CB /* arduino1_Retina.png */ = {isa = PBXFileReference; lastKnownFileType = image.png; path = arduino1_Retina.png; sourceTree = "<group>"; };
		50FB575614C8C831006B6A6C /* arrowDown.png */ = {isa = PBXFileReference; lastKnownFileType = image.png; path = arrowDown.png; sourceTree = "<group>"; };
		50FB575814C8C831006B6A6C /* arrowRight.png */ = {isa = PBXFileReference; lastKnownFileType = image.png; path = arrowRight.png; sourceTree = "<group>"; };
		50FB575914C8C831006B6A6C /* arrowUp.png */ = {isa = PBXFileReference; lastKnownFileType = image.png; path = arrowUp.png; sourceTree = "<group>"; };
		50FB575F14C8C8D0006B6A6C /* arrowLeft.png */ = {isa = PBXFileReference; lastKnownFileType = image.png; path = arrowLeft.png; sourceTree = "<group>"; };
/* End PBXFileReference section */

/* Begin PBXFrameworksBuildPhase section */
		502B159F14AF070500F73D7D /* Frameworks */ = {
			isa = PBXFrameworksBuildPhase;
			buildActionMask = 2147483647;
			files = (
				5055899E14D5F5ED003F3A72 /* CoreMotion.framework in Frameworks */,
				502B15CD14AF0EFF00F73D7D /* CFNetwork.framework in Frameworks */,
				502B15A714AF070500F73D7D /* UIKit.framework in Frameworks */,
				502B15A914AF070500F73D7D /* Foundation.framework in Frameworks */,
				502B15AB14AF070500F73D7D /* CoreGraphics.framework in Frameworks */,
			);
			runOnlyForDeploymentPostprocessing = 0;
		};
/* End PBXFrameworksBuildPhase section */

/* Begin PBXGroup section */
		502B159714AF070500F73D7D = {
			isa = PBXGroup;
			children = (
				5055899D14D5F5ED003F3A72 /* CoreMotion.framework */,
				50FB575F14C8C8D0006B6A6C /* arrowLeft.png */,
				50FB575614C8C831006B6A6C /* arrowDown.png */,
				50FB575814C8C831006B6A6C /* arrowRight.png */,
				50FB575914C8C831006B6A6C /* arrowUp.png */,
				50865DDC14BE43E700E90B47 /* ArduinoUno_R3_Pinouts.png */,
				50C07E0914B2149100B738CB /* arduino1_Retina.png */,
				50C07E0714B2148300B738CB /* arduino1_small.png */,
				5002811814B0EF2400C01E7F /* Settings.bundle */,
				502B15AC14AF070500F73D7D /* UDPMessenger */,
				502B15A514AF070500F73D7D /* Frameworks */,
				502B15A314AF070500F73D7D /* Products */,
			);
			sourceTree = "<group>";
		};
		502B15A314AF070500F73D7D /* Products */ = {
			isa = PBXGroup;
			children = (
				502B15A214AF070500F73D7D /* Arduino.app */,
			);
			name = Products;
			sourceTree = "<group>";
		};
		502B15A514AF070500F73D7D /* Frameworks */ = {
			isa = PBXGroup;
			children = (
				502B15CC14AF0EFF00F73D7D /* CFNetwork.framework */,
				502B15A614AF070500F73D7D /* UIKit.framework */,
				502B15A814AF070500F73D7D /* Foundation.framework */,
				502B15AA14AF070500F73D7D /* CoreGraphics.framework */,
			);
			name = Frameworks;
			sourceTree = "<group>";
		};
		502B15AC14AF070500F73D7D /* UDPMessenger */ = {
			isa = PBXGroup;
			children = (
				50865DE814BF75C500E90B47 /* RCOIP.h */,
				50A69C2014B2373200B72A25 /* LEDTestViewController.h */,
				50A69C2114B2373200B72A25 /* LEDTestViewController.m */,
				502B15C614AF073000F73D7D /* GCDAsyncUdpSocket.h */,
				502B15C714AF073000F73D7D /* GCDAsyncUdpSocket.m */,
				502B15B514AF070500F73D7D /* AppDelegate.h */,
				502B15B614AF070500F73D7D /* AppDelegate.m */,
				502B15B814AF070500F73D7D /* MainStoryboard_iPhone.storyboard */,
				502B15BE14AF070500F73D7D /* EchoTestViewController.h */,
				502B15BF14AF070500F73D7D /* EchoTestViewController.m */,
				502B15AD14AF070500F73D7D /* Supporting Files */,
				5002811B14B1133700C01E7F /* UDPController.h */,
				5002811C14B1133700C01E7F /* UDPController.m */,
				50865DE214BE479400E90B47 /* RCoIPViewController.h */,
				50865DE314BE479400E90B47 /* RCoIPViewController.m */,
				50865DE514BE4BAC00E90B47 /* RCTx.h */,
				50865DE614BE4BAC00E90B47 /* RCTx.m */,
			);
			path = UDPMessenger;
			sourceTree = "<group>";
		};
		502B15AD14AF070500F73D7D /* Supporting Files */ = {
			isa = PBXGroup;
			children = (
				502B15AE14AF070500F73D7D /* UDPMessenger-Info.plist */,
				502B15AF14AF070500F73D7D /* InfoPlist.strings */,
				502B15B214AF070500F73D7D /* main.m */,
				502B15B414AF070500F73D7D /* UDPMessenger-Prefix.pch */,
			);
			name = "Supporting Files";
			sourceTree = "<group>";
		};
/* End PBXGroup section */

/* Begin PBXNativeTarget section */
		502B15A114AF070500F73D7D /* UDPMessenger */ = {
			isa = PBXNativeTarget;
			buildConfigurationList = 502B15C314AF070500F73D7D /* Build configuration list for PBXNativeTarget "UDPMessenger" */;
			buildPhases = (
				502B159E14AF070500F73D7D /* Sources */,
				502B159F14AF070500F73D7D /* Frameworks */,
				502B15A014AF070500F73D7D /* Resources */,
			);
			buildRules = (
			);
			dependencies = (
			);
			name = UDPMessenger;
			productName = UDPMessenger;
			productReference = 502B15A214AF070500F73D7D /* Arduino.app */;
			productType = "com.apple.product-type.application";
		};
/* End PBXNativeTarget section */

/* Begin PBXProject section */
		502B159914AF070500F73D7D /* Project object */ = {
			isa = PBXProject;
			attributes = {
				LastUpgradeCheck = 0420;
			};
			buildConfigurationList = 502B159C14AF070500F73D7D /* Build configuration list for PBXProject "UDPMessenger" */;
			compatibilityVersion = "Xcode 3.2";
			developmentRegion = English;
			hasScannedForEncodings = 0;
			knownRegions = (
				en,
			);
			mainGroup = 502B159714AF070500F73D7D;
			productRefGroup = 502B15A314AF070500F73D7D /* Products */;
			projectDirPath = "";
			projectRoot = "";
			targets = (
				502B15A114AF070500F73D7D /* UDPMessenger */,
			);
		};
/* End PBXProject section */

/* Begin PBXResourcesBuildPhase section */
		502B15A014AF070500F73D7D /* Resources */ = {
			isa = PBXResourcesBuildPhase;
			buildActionMask = 2147483647;
			files = (
				502B15B114AF070500F73D7D /* InfoPlist.strings in Resources */,
				502B15BA14AF070500F73D7D /* MainStoryboard_iPhone.storyboard in Resources */,
				5002811914B0EF2400C01E7F /* Settings.bundle in Resources */,
				50C07E0814B2148300B738CB /* arduino1_small.png in Resources */,
				50C07E0A14B2149100B738CB /* arduino1_Retina.png in Resources */,
				50865DDD14BE43E700E90B47 /* ArduinoUno_R3_Pinouts.png in Resources */,
				50FB575A14C8C831006B6A6C /* arrowDown.png in Resources */,
				50FB575C14C8C831006B6A6C /* arrowRight.png in Resources */,
				50FB575D14C8C831006B6A6C /* arrowUp.png in Resources */,
				50FB576014C8C8D0006B6A6C /* arrowLeft.png in Resources */,
			);
			runOnlyForDeploymentPostprocessing = 0;
		};
/* End PBXResourcesBuildPhase section */

/* Begin PBXSourcesBuildPhase section */
		502B159E14AF070500F73D7D /* Sources */ = {
			isa = PBXSourcesBuildPhase;
			buildActionMask = 2147483647;
			files = (
				502B15B314AF070500F73D7D /* main.m in Sources */,
				502B15B714AF070500F73D7D /* AppDelegate.m in Sources */,
				502B15C014AF070500F73D7D /* EchoTestViewController.m in Sources */,
				502B15C814AF073000F73D7D /* GCDAsyncUdpSocket.m in Sources */,
				5002811D14B1133700C01E7F /* UDPController.m in Sources */,
				50A69C2314B2373200B72A25 /* LEDTestViewController.m in Sources */,
				50865DE414BE479400E90B47 /* RCoIPViewController.m in Sources */,
				50865DE714BE4BAC00E90B47 /* RCTx.m in Sources */,
			);
			runOnlyForDeploymentPostprocessing = 0;
		};
/* End PBXSourcesBuildPhase section */

/* Begin PBXVariantGroup section */
		502B15AF14AF070500F73D7D /* InfoPlist.strings */ = {
			isa = PBXVariantGroup;
			children = (
				502B15B014AF070500F73D7D /* en */,
			);
			name = InfoPlist.strings;
			sourceTree = "<group>";
		};
		502B15B814AF070500F73D7D /* MainStoryboard_iPhone.storyboard */ = {
			isa = PBXVariantGroup;
			children = (
				502B15B914AF070500F73D7D /* en */,
			);
			name = MainStoryboard_iPhone.storyboard;
			sourceTree = "<group>";
		};
/* End PBXVariantGroup section */

/* Begin XCBuildConfiguration section */
		502B15C114AF070500F73D7D /* Debug */ = {
			isa = XCBuildConfiguration;
			buildSettings = {
				ALWAYS_SEARCH_USER_PATHS = NO;
				ARCHS = "$(ARCHS_STANDARD_32_BIT)";
				"CODE_SIGN_IDENTITY[sdk=iphoneos*]" = "iPhone Developer";
				COPY_PHASE_STRIP = NO;
				GCC_C_LANGUAGE_STANDARD = gnu99;
				GCC_DYNAMIC_NO_PIC = NO;
				GCC_OPTIMIZATION_LEVEL = 0;
				GCC_PREPROCESSOR_DEFINITIONS = (
					"DEBUG=1",
					"$(inherited)",
				);
				GCC_SYMBOLS_PRIVATE_EXTERN = NO;
				GCC_VERSION = com.apple.compilers.llvm.clang.1_0;
				GCC_WARN_ABOUT_MISSING_PROTOTYPES = YES;
				GCC_WARN_ABOUT_RETURN_TYPE = YES;
				GCC_WARN_UNUSED_VARIABLE = YES;
				IPHONEOS_DEPLOYMENT_TARGET = 5.0;
				SDKROOT = iphoneos;
				TARGETED_DEVICE_FAMILY = "1,2";
			};
			name = Debug;
		};
		502B15C214AF070500F73D7D /* Release */ = {
			isa = XCBuildConfiguration;
			buildSettings = {
				ALWAYS_SEARCH_USER_PATHS = NO;
				ARCHS = "$(ARCHS_STANDARD_32_BIT)";
				"CODE_SIGN_IDENTITY[sdk=iphoneos*]" = "iPhone Developer";
				COPY_PHASE_STRIP = YES;
				GCC_C_LANGUAGE_STANDARD = gnu99;
				GCC_VERSION = com.apple.compilers.llvm.clang.1_0;
				GCC_WARN_ABOUT_MISSING_PROTOTYPES = YES;
				GCC_WARN_ABOUT_RETURN_TYPE = YES;
				GCC_WARN_UNUSED_VARIABLE = YES;
				IPHONEOS_DEPLOYMENT_TARGET = 5.0;
				OTHER_CFLAGS = "-DNS_BLOCK_ASSERTIONS=1";
				SDKROOT = iphoneos;
				TARGETED_DEVICE_FAMILY = "1,2";
				VALIDATE_PRODUCT = YES;
			};
			name = Release;
		};
		502B15C414AF070500F73D7D /* Debug */ = {
			isa = XCBuildConfiguration;
			buildSettings = {
				GCC_PRECOMPILE_PREFIX_HEADER = YES;
				GCC_PREFIX_HEADER = "UDPMessenger/UDPMessenger-Prefix.pch";
				INFOPLIST_FILE = "UDPMessenger/UDPMessenger-Info.plist";
				IPHONEOS_DEPLOYMENT_TARGET = 5.0;
				PRODUCT_NAME = Arduino;
				TARGETED_DEVICE_FAMILY = 1;
				WRAPPER_EXTENSION = app;
			};
			name = Debug;
		};
		502B15C514AF070500F73D7D /* Release */ = {
			isa = XCBuildConfiguration;
			buildSettings = {
				GCC_PRECOMPILE_PREFIX_HEADER = YES;
				GCC_PREFIX_HEADER = "UDPMessenger/UDPMessenger-Prefix.pch";
				INFOPLIST_FILE = "UDPMessenger/UDPMessenger-Info.plist";
				IPHONEOS_DEPLOYMENT_TARGET = 5.0;
				PRODUCT_NAME = Arduino;
				TARGETED_DEVICE_FAMILY = 1;
				WRAPPER_EXTENSION = app;
			};
			name = Release;
		};
/* End XCBuildConfiguration section */

/* Begin XCConfigurationList section */
		502B159C14AF070500F73D7D /* Build configuration list for PBXProject "UDPMessenger" */ = {
			isa = XCConfigurationList;
			buildConfigurations = (
				502B15C114AF070500F73D7D /* Debug */,
				502B15C214AF070500F73D7D /* Release */,
			);
			defaultConfigurationIsVisible = 0;
			defaultConfigurationName = Release;
		};
		502B15C314AF070500F73D7D /* Build configuration list for PBXNativeTarget "UDPMessenger" */ = {
			isa = XCConfigurationList;
			buildConfigurations = (
				502B15C414AF070500F73D7D /* Debug */,
				502B15C514AF070500F73D7D /* Release */,
			);
			defaultConfigurationIsVisible = 0;
			defaultConfigurationName = Release;
		};
/* End XCConfigurationList section */
	};
	rootObject = 502B159914AF070500F73D7D /* Project object */;
}
